
Microsoft Visual Studio Solution File, Format Version 12.00
# Visual Studio Version 17
VisualStudioVersion = 17.4.33103.184
MinimumVisualStudioVersion = 10.0.40219.1
Project("{FAE04EC0-301F-11D3-BF4B-00C04F79EFBC}") = "BlockchainSharp", "BlockchainSharp\BlockchainSharp.csproj", "{3FBFBBEA-7DE9-49B3-AD42-88AAEA843087}"
EndProject
Global
	GlobalSection(SolutionConfigurationPlatforms) = preSolution
		Debug|Any CPU = Debug|Any CPU
		Release|Any CPU = Release|Any CPU
	EndGlobalSection
	GlobalSection(ProjectConfigurationPlatforms) = postSolution
		{3FBFBBEA-7DE9-49B3-AD42-88AAEA843087}.Debug|Any CPU.ActiveCfg = Debug|Any CPU
		{3FBFBBEA-7DE9-49B3-AD42-88AAEA843087}.Debug|Any CPU.Build.0 = Debug|Any CPU
		{3FBFBBEA-7DE9-49B3-AD42-88AAEA843087}.Release|Any CPU.ActiveCfg = Release|Any CPU
		{3FBFBBEA-7DE9-49B3-AD42-88AAEA843087}.Release|Any CPU.Build.0 = Release|Any CPU
	EndGlobalSection
	GlobalSection(SolutionProperties) = preSolution
		HideSolutionNode = FALSE
	EndGlobalSection
	GlobalSection(ExtensibilityGlobals) = postSolution
		SolutionGuid = {D6736734-39D6-4356-A022-E72C7437ECAB}
	EndGlobalSection
EndGlobal
